
Microsoft Visual Studio Solution File, Format Version 12.00
Project("{FAE04EC0-301F-11D3-BF4B-00C04F79EFBC}") = "Pokemon_go", "Pokemon_go\Pokemon_go.csproj", "{116F91A6-9E90-483D-BFEB-0CD5D2D79CFE}"
EndProject
Global
	GlobalSection(SolutionConfigurationPlatforms) = preSolution
		Debug|Any CPU = Debug|Any CPU
		Release|Any CPU = Release|Any CPU
	EndGlobalSection
	GlobalSection(ProjectConfigurationPlatforms) = postSolution
		{116F91A6-9E90-483D-BFEB-0CD5D2D79CFE}.Debug|Any CPU.ActiveCfg = Debug|Any CPU
		{116F91A6-9E90-483D-BFEB-0CD5D2D79CFE}.Debug|Any CPU.Build.0 = Debug|Any CPU
		{116F91A6-9E90-483D-BFEB-0CD5D2D79CFE}.Release|Any CPU.ActiveCfg = Release|Any CPU
		{116F91A6-9E90-483D-BFEB-0CD5D2D79CFE}.Release|Any CPU.Build.0 = Release|Any CPU
	EndGlobalSection
EndGlobal
